// !$*UTF8*$!
{
	archiveVersion = 1;
	classes = {
	};
	objectVersion = 50;
	objects = {

/* Begin PBXBuildFile section */
		71A602B92118551600F43E87 /* AppDelegate.swift in Sources */ = {isa = PBXBuildFile; fileRef = 71A602B82118551600F43E87 /* AppDelegate.swift */; };
		71A602BB2118551600F43E87 /* ViewController.swift in Sources */ = {isa = PBXBuildFile; fileRef = 71A602BA2118551600F43E87 /* ViewController.swift */; };
		71A602BE2118551600F43E87 /* Main.storyboard in Resources */ = {isa = PBXBuildFile; fileRef = 71A602BC2118551600F43E87 /* Main.storyboard */; };
		71A602C12118551600F43E87 /* IngLab_Test.xcdatamodeld in Sources */ = {isa = PBXBuildFile; fileRef = 71A602BF2118551600F43E87 /* IngLab_Test.xcdatamodeld */; };
		71A602C32118551A00F43E87 /* Assets.xcassets in Resources */ = {isa = PBXBuildFile; fileRef = 71A602C22118551A00F43E87 /* Assets.xcassets */; };
		71A602C62118551A00F43E87 /* LaunchScreen.storyboard in Resources */ = {isa = PBXBuildFile; fileRef = 71A602C42118551A00F43E87 /* LaunchScreen.storyboard */; };
		71A602D12118551B00F43E87 /* IngLab_TestTests.swift in Sources */ = {isa = PBXBuildFile; fileRef = 71A602D02118551B00F43E87 /* IngLab_TestTests.swift */; };
		71A602DC2118551B00F43E87 /* IngLab_TestUITests.swift in Sources */ = {isa = PBXBuildFile; fileRef = 71A602DB2118551B00F43E87 /* IngLab_TestUITests.swift */; };
		71A602F421185D8B00F43E87 /* JSONLoadService.swift in Sources */ = {isa = PBXBuildFile; fileRef = 71A602F321185D8B00F43E87 /* JSONLoadService.swift */; };
		71A602F621185DDB00F43E87 /* JSONStructure.swift in Sources */ = {isa = PBXBuildFile; fileRef = 71A602F521185DDB00F43E87 /* JSONStructure.swift */; };
		71A602F821185E0800F43E87 /* ImageLoadService.swift in Sources */ = {isa = PBXBuildFile; fileRef = 71A602F721185E0700F43E87 /* ImageLoadService.swift */; };
		71A602FC21185E1E00F43E87 /* DocumentLoaderProtocol.swift in Sources */ = {isa = PBXBuildFile; fileRef = 71A602FA21185E1E00F43E87 /* DocumentLoaderProtocol.swift */; };
		71A602FD21185E1E00F43E87 /* FileDownloaderProtocol.swift in Sources */ = {isa = PBXBuildFile; fileRef = 71A602FB21185E1E00F43E87 /* FileDownloaderProtocol.swift */; };
		71A602FF211860B700F43E87 /* TimeBasedExpiryCacheService.swift in Sources */ = {isa = PBXBuildFile; fileRef = 71A602FE211860B700F43E87 /* TimeBasedExpiryCacheService.swift */; };
		71A6030A21197F5E00F43E87 /* DetailViewController.swift in Sources */ = {isa = PBXBuildFile; fileRef = 71A6030921197F5E00F43E87 /* DetailViewController.swift */; };
/* End PBXBuildFile section */

/* Begin PBXContainerItemProxy section */
		71A602CD2118551B00F43E87 /* PBXContainerItemProxy */ = {
			isa = PBXContainerItemProxy;
			containerPortal = 71A602AD2118551600F43E87 /* Project object */;
			proxyType = 1;
			remoteGlobalIDString = 71A602B42118551600F43E87;
			remoteInfo = "IngLab-Test";
		};
		71A602D82118551B00F43E87 /* PBXContainerItemProxy */ = {
			isa = PBXContainerItemProxy;
			containerPortal = 71A602AD2118551600F43E87 /* Project object */;
			proxyType = 1;
			remoteGlobalIDString = 71A602B42118551600F43E87;
			remoteInfo = "IngLab-Test";
		};
/* End PBXContainerItemProxy section */

/* Begin PBXFileReference section */
		71A602B52118551600F43E87 /* IngLab-Test.app */ = {isa = PBXFileReference; explicitFileType = wrapper.application; includeInIndex = 0; path = "IngLab-Test.app"; sourceTree = BUILT_PRODUCTS_DIR; };
		71A602B82118551600F43E87 /* AppDelegate.swift */ = {isa = PBXFileReference; lastKnownFileType = sourcecode.swift; path = AppDelegate.swift; sourceTree = "<group>"; };
		71A602BA2118551600F43E87 /* ViewController.swift */ = {isa = PBXFileReference; lastKnownFileType = sourcecode.swift; path = ViewController.swift; sourceTree = "<group>"; };
		71A602BD2118551600F43E87 /* Base */ = {isa = PBXFileReference; lastKnownFileType = file.storyboard; name = Base; path = Base.lproj/Main.storyboard; sourceTree = "<group>"; };
		71A602C02118551600F43E87 /* IngLab_Test.xcdatamodel */ = {isa = PBXFileReference; lastKnownFileType = wrapper.xcdatamodel; path = IngLab_Test.xcdatamodel; sourceTree = "<group>"; };
		71A602C22118551A00F43E87 /* Assets.xcassets */ = {isa = PBXFileReference; lastKnownFileType = folder.assetcatalog; path = Assets.xcassets; sourceTree = "<group>"; };
		71A602C52118551A00F43E87 /* Base */ = {isa = PBXFileReference; lastKnownFileType = file.storyboard; name = Base; path = Base.lproj/LaunchScreen.storyboard; sourceTree = "<group>"; };
		71A602C72118551B00F43E87 /* Info.plist */ = {isa = PBXFileReference; lastKnownFileType = text.plist.xml; path = Info.plist; sourceTree = "<group>"; };
		71A602CC2118551B00F43E87 /* IngLab-TestTests.xctest */ = {isa = PBXFileReference; explicitFileType = wrapper.cfbundle; includeInIndex = 0; path = "IngLab-TestTests.xctest"; sourceTree = BUILT_PRODUCTS_DIR; };
		71A602D02118551B00F43E87 /* IngLab_TestTests.swift */ = {isa = PBXFileReference; lastKnownFileType = sourcecode.swift; path = IngLab_TestTests.swift; sourceTree = "<group>"; };
		71A602D22118551B00F43E87 /* Info.plist */ = {isa = PBXFileReference; lastKnownFileType = text.plist.xml; path = Info.plist; sourceTree = "<group>"; };
		71A602D72118551B00F43E87 /* IngLab-TestUITests.xctest */ = {isa = PBXFileReference; explicitFileType = wrapper.cfbundle; includeInIndex = 0; path = "IngLab-TestUITests.xctest"; sourceTree = BUILT_PRODUCTS_DIR; };
		71A602DB2118551B00F43E87 /* IngLab_TestUITests.swift */ = {isa = PBXFileReference; lastKnownFileType = sourcecode.swift; path = IngLab_TestUITests.swift; sourceTree = "<group>"; };
		71A602DD2118551B00F43E87 /* Info.plist */ = {isa = PBXFileReference; lastKnownFileType = text.plist.xml; path = Info.plist; sourceTree = "<group>"; };
		71A602F321185D8B00F43E87 /* JSONLoadService.swift */ = {isa = PBXFileReference; fileEncoding = 4; lastKnownFileType = sourcecode.swift; path = JSONLoadService.swift; sourceTree = "<group>"; };
		71A602F521185DDB00F43E87 /* JSONStructure.swift */ = {isa = PBXFileReference; fileEncoding = 4; lastKnownFileType = sourcecode.swift; path = JSONStructure.swift; sourceTree = "<group>"; };
		71A602F721185E0700F43E87 /* ImageLoadService.swift */ = {isa = PBXFileReference; fileEncoding = 4; lastKnownFileType = sourcecode.swift; path = ImageLoadService.swift; sourceTree = "<group>"; };
		71A602FA21185E1E00F43E87 /* DocumentLoaderProtocol.swift */ = {isa = PBXFileReference; fileEncoding = 4; lastKnownFileType = sourcecode.swift; path = DocumentLoaderProtocol.swift; sourceTree = "<group>"; };
		71A602FB21185E1E00F43E87 /* FileDownloaderProtocol.swift */ = {isa = PBXFileReference; fileEncoding = 4; lastKnownFileType = sourcecode.swift; path = FileDownloaderProtocol.swift; sourceTree = "<group>"; };
		71A602FE211860B700F43E87 /* TimeBasedExpiryCacheService.swift */ = {isa = PBXFileReference; fileEncoding = 4; lastKnownFileType = sourcecode.swift; path = TimeBasedExpiryCacheService.swift; sourceTree = "<group>"; };
		71A603022118640600F43E87 /* DocumentLoaderProtocol.swift */ = {isa = PBXFileReference; lastKnownFileType = sourcecode.swift; path = DocumentLoaderProtocol.swift; sourceTree = "<group>"; };
		71A603032118640600F43E87 /* FileDownloaderProtocol.swift */ = {isa = PBXFileReference; lastKnownFileType = sourcecode.swift; path = FileDownloaderProtocol.swift; sourceTree = "<group>"; };
		71A603052118640600F43E87 /* JSONStructure.swift */ = {isa = PBXFileReference; lastKnownFileType = sourcecode.swift; path = JSONStructure.swift; sourceTree = "<group>"; };
		71A603062118640600F43E87 /* JSONLoadService.swift */ = {isa = PBXFileReference; lastKnownFileType = sourcecode.swift; path = JSONLoadService.swift; sourceTree = "<group>"; };
		71A603072118640600F43E87 /* TimeBasedExpiryCacheService.swift */ = {isa = PBXFileReference; lastKnownFileType = sourcecode.swift; path = TimeBasedExpiryCacheService.swift; sourceTree = "<group>"; };
		71A603082118640600F43E87 /* ImageLoadService.swift */ = {isa = PBXFileReference; lastKnownFileType = sourcecode.swift; path = ImageLoadService.swift; sourceTree = "<group>"; };
		71A6030921197F5E00F43E87 /* DetailViewController.swift */ = {isa = PBXFileReference; lastKnownFileType = sourcecode.swift; path = DetailViewController.swift; sourceTree = "<group>"; };
/* End PBXFileReference section */

/* Begin PBXFrameworksBuildPhase section */
		71A602B22118551600F43E87 /* Frameworks */ = {
			isa = PBXFrameworksBuildPhase;
			buildActionMask = 2147483647;
			files = (
			);
			runOnlyForDeploymentPostprocessing = 0;
		};
		71A602C92118551B00F43E87 /* Frameworks */ = {
			isa = PBXFrameworksBuildPhase;
			buildActionMask = 2147483647;
			files = (
			);
			runOnlyForDeploymentPostprocessing = 0;
		};
		71A602D42118551B00F43E87 /* Frameworks */ = {
			isa = PBXFrameworksBuildPhase;
			buildActionMask = 2147483647;
			files = (
			);
			runOnlyForDeploymentPostprocessing = 0;
		};
/* End PBXFrameworksBuildPhase section */

/* Begin PBXGroup section */
		71A602AC2118551600F43E87 = {
			isa = PBXGroup;
			children = (
				71A603002118640600F43E87 /* ImageLoadingLibrary */,
				71A602B72118551600F43E87 /* IngLab-Test */,
				71A602CF2118551B00F43E87 /* IngLab-TestTests */,
				71A602DA2118551B00F43E87 /* IngLab-TestUITests */,
				71A602B62118551600F43E87 /* Products */,
			);
			sourceTree = "<group>";
		};
		71A602B62118551600F43E87 /* Products */ = {
			isa = PBXGroup;
			children = (
				71A602B52118551600F43E87 /* IngLab-Test.app */,
				71A602CC2118551B00F43E87 /* IngLab-TestTests.xctest */,
				71A602D72118551B00F43E87 /* IngLab-TestUITests.xctest */,
			);
			name = Products;
			sourceTree = "<group>";
		};
		71A602B72118551600F43E87 /* IngLab-Test */ = {
			isa = PBXGroup;
			children = (
				71A602E92118569000F43E87 /* ImageLoadingLibrary */,
				71A602B82118551600F43E87 /* AppDelegate.swift */,
				71A602BA2118551600F43E87 /* ViewController.swift */,
				71A602BC2118551600F43E87 /* Main.storyboard */,
				71A602C22118551A00F43E87 /* Assets.xcassets */,
				71A602C42118551A00F43E87 /* LaunchScreen.storyboard */,
				71A602C72118551B00F43E87 /* Info.plist */,
				71A602BF2118551600F43E87 /* IngLab_Test.xcdatamodeld */,
				71A6030921197F5E00F43E87 /* DetailViewController.swift */,
			);
			path = "IngLab-Test";
			sourceTree = "<group>";
		};
		71A602CF2118551B00F43E87 /* IngLab-TestTests */ = {
			isa = PBXGroup;
			children = (
				71A602D02118551B00F43E87 /* IngLab_TestTests.swift */,
				71A602D22118551B00F43E87 /* Info.plist */,
			);
			path = "IngLab-TestTests";
			sourceTree = "<group>";
		};
		71A602DA2118551B00F43E87 /* IngLab-TestUITests */ = {
			isa = PBXGroup;
			children = (
				71A602DB2118551B00F43E87 /* IngLab_TestUITests.swift */,
				71A602DD2118551B00F43E87 /* Info.plist */,
			);
			path = "IngLab-TestUITests";
			sourceTree = "<group>";
		};
		71A602E92118569000F43E87 /* ImageLoadingLibrary */ = {
			isa = PBXGroup;
			children = (
				71A602F921185E0C00F43E87 /* Protocols */,
				71A602F221185D7600F43E87 /* Services */,
			);
			path = ImageLoadingLibrary;
			sourceTree = "<group>";
		};
		71A602F221185D7600F43E87 /* Services */ = {
			isa = PBXGroup;
			children = (
				71A602FE211860B700F43E87 /* TimeBasedExpiryCacheService.swift */,
				71A602F721185E0700F43E87 /* ImageLoadService.swift */,
				71A602F521185DDB00F43E87 /* JSONStructure.swift */,
				71A602F321185D8B00F43E87 /* JSONLoadService.swift */,
			);
			path = Services;
			sourceTree = "<group>";
		};
		71A602F921185E0C00F43E87 /* Protocols */ = {
			isa = PBXGroup;
			children = (
				71A602FA21185E1E00F43E87 /* DocumentLoaderProtocol.swift */,
				71A602FB21185E1E00F43E87 /* FileDownloaderProtocol.swift */,
			);
			path = Protocols;
			sourceTree = "<group>";
		};
		71A603002118640600F43E87 /* ImageLoadingLibrary */ = {
			isa = PBXGroup;
			children = (
				71A603012118640600F43E87 /* Protocols */,
				71A603042118640600F43E87 /* Services */,
			);
			name = ImageLoadingLibrary;
			path = "IngLab-Test/ImageLoadingLibrary";
			sourceTree = "<group>";
		};
		71A603012118640600F43E87 /* Protocols */ = {
			isa = PBXGroup;
			children = (
				71A603022118640600F43E87 /* DocumentLoaderProtocol.swift */,
				71A603032118640600F43E87 /* FileDownloaderProtocol.swift */,
			);
			path = Protocols;
			sourceTree = "<group>";
		};
		71A603042118640600F43E87 /* Services */ = {
			isa = PBXGroup;
			children = (
				71A603052118640600F43E87 /* JSONStructure.swift */,
				71A603062118640600F43E87 /* JSONLoadService.swift */,
				71A603072118640600F43E87 /* TimeBasedExpiryCacheService.swift */,
				71A603082118640600F43E87 /* ImageLoadService.swift */,
			);
			path = Services;
			sourceTree = "<group>";
		};
/* End PBXGroup section */

/* Begin PBXNativeTarget section */
		71A602B42118551600F43E87 /* IngLab-Test */ = {
			isa = PBXNativeTarget;
			buildConfigurationList = 71A602E02118551B00F43E87 /* Build configuration list for PBXNativeTarget "IngLab-Test" */;
			buildPhases = (
				71A602B12118551600F43E87 /* Sources */,
				71A602B22118551600F43E87 /* Frameworks */,
				71A602B32118551600F43E87 /* Resources */,
			);
			buildRules = (
			);
			dependencies = (
			);
			name = "IngLab-Test";
			productName = "IngLab-Test";
			productReference = 71A602B52118551600F43E87 /* IngLab-Test.app */;
			productType = "com.apple.product-type.application";
		};
		71A602CB2118551B00F43E87 /* IngLab-TestTests */ = {
			isa = PBXNativeTarget;
			buildConfigurationList = 71A602E32118551B00F43E87 /* Build configuration list for PBXNativeTarget "IngLab-TestTests" */;
			buildPhases = (
				71A602C82118551B00F43E87 /* Sources */,
				71A602C92118551B00F43E87 /* Frameworks */,
				71A602CA2118551B00F43E87 /* Resources */,
			);
			buildRules = (
			);
			dependencies = (
				71A602CE2118551B00F43E87 /* PBXTargetDependency */,
			);
			name = "IngLab-TestTests";
			productName = "IngLab-TestTests";
			productReference = 71A602CC2118551B00F43E87 /* IngLab-TestTests.xctest */;
			productType = "com.apple.product-type.bundle.unit-test";
		};
		71A602D62118551B00F43E87 /* IngLab-TestUITests */ = {
			isa = PBXNativeTarget;
			buildConfigurationList = 71A602E62118551B00F43E87 /* Build configuration list for PBXNativeTarget "IngLab-TestUITests" */;
			buildPhases = (
				71A602D32118551B00F43E87 /* Sources */,
				71A602D42118551B00F43E87 /* Frameworks */,
				71A602D52118551B00F43E87 /* Resources */,
			);
			buildRules = (
			);
			dependencies = (
				71A602D92118551B00F43E87 /* PBXTargetDependency */,
			);
			name = "IngLab-TestUITests";
			productName = "IngLab-TestUITests";
			productReference = 71A602D72118551B00F43E87 /* IngLab-TestUITests.xctest */;
			productType = "com.apple.product-type.bundle.ui-testing";
		};
/* End PBXNativeTarget section */

/* Begin PBXProject section */
		71A602AD2118551600F43E87 /* Project object */ = {
			isa = PBXProject;
			attributes = {
				LastSwiftUpdateCheck = 0930;
				LastUpgradeCheck = 0930;
				ORGANIZATIONNAME = "Mewan Chathuranga";
				TargetAttributes = {
					71A602B42118551600F43E87 = {
						CreatedOnToolsVersion = 9.3;
					};
					71A602CB2118551B00F43E87 = {
						CreatedOnToolsVersion = 9.3;
						TestTargetID = 71A602B42118551600F43E87;
					};
					71A602D62118551B00F43E87 = {
						CreatedOnToolsVersion = 9.3;
						TestTargetID = 71A602B42118551600F43E87;
					};
				};
			};
			buildConfigurationList = 71A602B02118551600F43E87 /* Build configuration list for PBXProject "IngLab-Test" */;
			compatibilityVersion = "Xcode 9.3";
			developmentRegion = en;
			hasScannedForEncodings = 0;
			knownRegions = (
				en,
				Base,
			);
			mainGroup = 71A602AC2118551600F43E87;
			productRefGroup = 71A602B62118551600F43E87 /* Products */;
			projectDirPath = "";
			projectRoot = "";
			targets = (
				71A602B42118551600F43E87 /* IngLab-Test */,
				71A602CB2118551B00F43E87 /* IngLab-TestTests */,
				71A602D62118551B00F43E87 /* IngLab-TestUITests */,
			);
		};
/* End PBXProject section */

/* Begin PBXResourcesBuildPhase section */
		71A602B32118551600F43E87 /* Resources */ = {
			isa = PBXResourcesBuildPhase;
			buildActionMask = 2147483647;
			files = (
				71A602C62118551A00F43E87 /* LaunchScreen.storyboard in Resources */,
				71A602C32118551A00F43E87 /* Assets.xcassets in Resources */,
				71A602BE2118551600F43E87 /* Main.storyboard in Resources */,
			);
			runOnlyForDeploymentPostprocessing = 0;
		};
		71A602CA2118551B00F43E87 /* Resources */ = {
			isa = PBXResourcesBuildPhase;
			buildActionMask = 2147483647;
			files = (
			);
			runOnlyForDeploymentPostprocessing = 0;
		};
		71A602D52118551B00F43E87 /* Resources */ = {
			isa = PBXResourcesBuildPhase;
			buildActionMask = 2147483647;
			files = (
			);
			runOnlyForDeploymentPostprocessing = 0;
		};
/* End PBXResourcesBuildPhase section */

/* Begin PBXSourcesBuildPhase section */
		71A602B12118551600F43E87 /* Sources */ = {
			isa = PBXSourcesBuildPhase;
			buildActionMask = 2147483647;
			files = (
				71A602FD21185E1E00F43E87 /* FileDownloaderProtocol.swift in Sources */,
				71A602BB2118551600F43E87 /* ViewController.swift in Sources */,
				71A602F821185E0800F43E87 /* ImageLoadService.swift in Sources */,
				71A602B92118551600F43E87 /* AppDelegate.swift in Sources */,
				71A602FC21185E1E00F43E87 /* DocumentLoaderProtocol.swift in Sources */,
				71A602FF211860B700F43E87 /* TimeBasedExpiryCacheService.swift in Sources */,
				71A602C12118551600F43E87 /* IngLab_Test.xcdatamodeld in Sources */,
				71A6030A21197F5E00F43E87 /* DetailViewController.swift in Sources */,
				71A602F421185D8B00F43E87 /* JSONLoadService.swift in Sources */,
				71A602F621185DDB00F43E87 /* JSONStructure.swift in Sources */,
			);
			runOnlyForDeploymentPostprocessing = 0;
		};
		71A602C82118551B00F43E87 /* Sources */ = {
			isa = PBXSourcesBuildPhase;
			buildActionMask = 2147483647;
			files = (
				71A602D12118551B00F43E87 /* IngLab_TestTests.swift in Sources */,
			);
			runOnlyForDeploymentPostprocessing = 0;
		};
		71A602D32118551B00F43E87 /* Sources */ = {
			isa = PBXSourcesBuildPhase;
			buildActionMask = 2147483647;
			files = (
				71A602DC2118551B00F43E87 /* IngLab_TestUITests.swift in Sources */,
			);
			runOnlyForDeploymentPostprocessing = 0;
		};
/* End PBXSourcesBuildPhase section */

/* Begin PBXTargetDependency section */
		71A602CE2118551B00F43E87 /* PBXTargetDependency */ = {
			isa = PBXTargetDependency;
			target = 71A602B42118551600F43E87 /* IngLab-Test */;
			targetProxy = 71A602CD2118551B00F43E87 /* PBXContainerItemProxy */;
		};
		71A602D92118551B00F43E87 /* PBXTargetDependency */ = {
			isa = PBXTargetDependency;
			target = 71A602B42118551600F43E87 /* IngLab-Test */;
			targetProxy = 71A602D82118551B00F43E87 /* PBXContainerItemProxy */;
		};
/* End PBXTargetDependency section */

/* Begin PBXVariantGroup section */
		71A602BC2118551600F43E87 /* Main.storyboard */ = {
			isa = PBXVariantGroup;
			children = (
				71A602BD2118551600F43E87 /* Base */,
			);
			name = Main.storyboard;
			sourceTree = "<group>";
		};
		71A602C42118551A00F43E87 /* LaunchScreen.storyboard */ = {
			isa = PBXVariantGroup;
			children = (
				71A602C52118551A00F43E87 /* Base */,
			);
			name = LaunchScreen.storyboard;
			sourceTree = "<group>";
		};
/* End PBXVariantGroup section */

/* Begin XCBuildConfiguration section */
		71A602DE2118551B00F43E87 /* Debug */ = {
			isa = XCBuildConfiguration;
			buildSettings = {
				ALWAYS_SEARCH_USER_PATHS = NO;
				CLANG_ANALYZER_NONNULL = YES;
				CLANG_ANALYZER_NUMBER_OBJECT_CONVERSION = YES_AGGRESSIVE;
				CLANG_CXX_LANGUAGE_STANDARD = "gnu++14";
				CLANG_CXX_LIBRARY = "libc++";
				CLANG_ENABLE_MODULES = YES;
				CLANG_ENABLE_OBJC_ARC = YES;
				CLANG_ENABLE_OBJC_WEAK = YES;
				CLANG_WARN_BLOCK_CAPTURE_AUTORELEASING = YES;
				CLANG_WARN_BOOL_CONVERSION = YES;
				CLANG_WARN_COMMA = YES;
				CLANG_WARN_CONSTANT_CONVERSION = YES;
				CLANG_WARN_DEPRECATED_OBJC_IMPLEMENTATIONS = YES;
				CLANG_WARN_DIRECT_OBJC_ISA_USAGE = YES_ERROR;
				CLANG_WARN_DOCUMENTATION_COMMENTS = YES;
				CLANG_WARN_EMPTY_BODY = YES;
				CLANG_WARN_ENUM_CONVERSION = YES;
				CLANG_WARN_INFINITE_RECURSION = YES;
				CLANG_WARN_INT_CONVERSION = YES;
				CLANG_WARN_NON_LITERAL_NULL_CONVERSION = YES;
				CLANG_WARN_OBJC_IMPLICIT_RETAIN_SELF = YES;
				CLANG_WARN_OBJC_LITERAL_CONVERSION = YES;
				CLANG_WARN_OBJC_ROOT_CLASS = YES_ERROR;
				CLANG_WARN_RANGE_LOOP_ANALYSIS = YES;
				CLANG_WARN_STRICT_PROTOTYPES = YES;
				CLANG_WARN_SUSPICIOUS_MOVE = YES;
				CLANG_WARN_UNGUARDED_AVAILABILITY = YES_AGGRESSIVE;
				CLANG_WARN_UNREACHABLE_CODE = YES;
				CLANG_WARN__DUPLICATE_METHOD_MATCH = YES;
				CODE_SIGN_IDENTITY = "iPhone Developer";
				COPY_PHASE_STRIP = NO;
				DEBUG_INFORMATION_FORMAT = dwarf;
				ENABLE_STRICT_OBJC_MSGSEND = YES;
				ENABLE_TESTABILITY = YES;
				GCC_C_LANGUAGE_STANDARD = gnu11;
				GCC_DYNAMIC_NO_PIC = NO;
				GCC_NO_COMMON_BLOCKS = YES;
				GCC_OPTIMIZATION_LEVEL = 0;
				GCC_PREPROCESSOR_DEFINITIONS = (
					"DEBUG=1",
					"$(inherited)",
				);
				GCC_WARN_64_TO_32_BIT_CONVERSION = YES;
				GCC_WARN_ABOUT_RETURN_TYPE = YES_ERROR;
				GCC_WARN_UNDECLARED_SELECTOR = YES;
				GCC_WARN_UNINITIALIZED_AUTOS = YES_AGGRESSIVE;
				GCC_WARN_UNUSED_FUNCTION = YES;
				GCC_WARN_UNUSED_VARIABLE = YES;
				IPHONEOS_DEPLOYMENT_TARGET = 11.3;
				MTL_ENABLE_DEBUG_INFO = YES;
				ONLY_ACTIVE_ARCH = YES;
				SDKROOT = iphoneos;
				SWIFT_ACTIVE_COMPILATION_CONDITIONS = DEBUG;
				SWIFT_OPTIMIZATION_LEVEL = "-Onone";
			};
			name = Debug;
		};
		71A602DF2118551B00F43E87 /* Release */ = {
			isa = XCBuildConfiguration;
			buildSettings = {
				ALWAYS_SEARCH_USER_PATHS = NO;
				CLANG_ANALYZER_NONNULL = YES;
				CLANG_ANALYZER_NUMBER_OBJECT_CONVERSION = YES_AGGRESSIVE;
				CLANG_CXX_LANGUAGE_STANDARD = "gnu++14";
				CLANG_CXX_LIBRARY = "libc++";
				CLANG_ENABLE_MODULES = YES;
				CLANG_ENABLE_OBJC_ARC = YES;
				CLANG_ENABLE_OBJC_WEAK = YES;
				CLANG_WARN_BLOCK_CAPTURE_AUTORELEASING = YES;
				CLANG_WARN_BOOL_CONVERSION = YES;
				CLANG_WARN_COMMA = YES;
				CLANG_WARN_CONSTANT_CONVERSION = YES;
				CLANG_WARN_DEPRECATED_OBJC_IMPLEMENTATIONS = YES;
				CLANG_WARN_DIRECT_OBJC_ISA_USAGE = YES_ERROR;
				CLANG_WARN_DOCUMENTATION_COMMENTS = YES;
				CLANG_WARN_EMPTY_BODY = YES;
				CLANG_WARN_ENUM_CONVERSION = YES;
				CLANG_WARN_INFINITE_RECURSION = YES;
				CLANG_WARN_INT_CONVERSION = YES;
				CLANG_WARN_NON_LITERAL_NULL_CONVERSION = YES;
				CLANG_WARN_OBJC_IMPLICIT_RETAIN_SELF = YES;
				CLANG_WARN_OBJC_LITERAL_CONVERSION = YES;
				CLANG_WARN_OBJC_ROOT_CLASS = YES_ERROR;
				CLANG_WARN_RANGE_LOOP_ANALYSIS = YES;
				CLANG_WARN_STRICT_PROTOTYPES = YES;
				CLANG_WARN_SUSPICIOUS_MOVE = YES;
				CLANG_WARN_UNGUARDED_AVAILABILITY = YES_AGGRESSIVE;
				CLANG_WARN_UNREACHABLE_CODE = YES;
				CLANG_WARN__DUPLICATE_METHOD_MATCH = YES;
				CODE_SIGN_IDENTITY = "iPhone Developer";
				COPY_PHASE_STRIP = NO;
				DEBUG_INFORMATION_FORMAT = "dwarf-with-dsym";
				ENABLE_NS_ASSERTIONS = NO;
				ENABLE_STRICT_OBJC_MSGSEND = YES;
				GCC_C_LANGUAGE_STANDARD = gnu11;
				GCC_NO_COMMON_BLOCKS = YES;
				GCC_WARN_64_TO_32_BIT_CONVERSION = YES;
				GCC_WARN_ABOUT_RETURN_TYPE = YES_ERROR;
				GCC_WARN_UNDECLARED_SELECTOR = YES;
				GCC_WARN_UNINITIALIZED_AUTOS = YES_AGGRESSIVE;
				GCC_WARN_UNUSED_FUNCTION = YES;
				GCC_WARN_UNUSED_VARIABLE = YES;
				IPHONEOS_DEPLOYMENT_TARGET = 11.3;
				MTL_ENABLE_DEBUG_INFO = NO;
				SDKROOT = iphoneos;
				SWIFT_COMPILATION_MODE = wholemodule;
				SWIFT_OPTIMIZATION_LEVEL = "-O";
				VALIDATE_PRODUCT = YES;
			};
			name = Release;
		};
		71A602E12118551B00F43E87 /* Debug */ = {
			isa = XCBuildConfiguration;
			buildSettings = {
				ALWAYS_EMBED_SWIFT_STANDARD_LIBRARIES = YES;
				ASSETCATALOG_COMPILER_APPICON_NAME = AppIcon;
				CODE_SIGN_STYLE = Automatic;
				DEVELOPMENT_TEAM = 2D3474FP86;
				INFOPLIST_FILE = "IngLab-Test/Info.plist";
				LD_RUNPATH_SEARCH_PATHS = (
					"$(inherited)",
					"@executable_path/Frameworks",
				);
				PRODUCT_BUNDLE_IDENTIFIER = "MewanC.IngLab-Test";
				PRODUCT_NAME = "$(TARGET_NAME)";
				SWIFT_VERSION = 4.0;
				TARGETED_DEVICE_FAMILY = "1,2";
			};
			name = Debug;
		};
		71A602E22118551B00F43E87 /* Release */ = {
			isa = XCBuildConfiguration;
			buildSettings = {
				ALWAYS_EMBED_SWIFT_STANDARD_LIBRARIES = YES;
				ASSETCATALOG_COMPILER_APPICON_NAME = AppIcon;
				CODE_SIGN_STYLE = Automatic;
				DEVELOPMENT_TEAM = 2D3474FP86;
				INFOPLIST_FILE = "IngLab-Test/Info.plist";
				LD_RUNPATH_SEARCH_PATHS = (
					"$(inherited)",
					"@executable_path/Frameworks",
				);
				PRODUCT_BUNDLE_IDENTIFIER = "MewanC.IngLab-Test";
				PRODUCT_NAME = "$(TARGET_NAME)";
				SWIFT_VERSION = 4.0;
				TARGETED_DEVICE_FAMILY = "1,2";
			};
			name = Release;
		};
		71A602E42118551B00F43E87 /* Debug */ = {
			isa = XCBuildConfiguration;
			buildSettings = {
				ALWAYS_EMBED_SWIFT_STANDARD_LIBRARIES = YES;
				BUNDLE_LOADER = "$(TEST_HOST)";
				CODE_SIGN_STYLE = Automatic;
				DEVELOPMENT_TEAM = 2D3474FP86;
				INFOPLIST_FILE = "IngLab-TestTests/Info.plist";
				LD_RUNPATH_SEARCH_PATHS = (
					"$(inherited)",
					"@executable_path/Frameworks",
					"@loader_path/Frameworks",
				);
				PRODUCT_BUNDLE_IDENTIFIER = "MewanC.IngLab-TestTests";
				PRODUCT_NAME = "$(TARGET_NAME)";
				SWIFT_VERSION = 4.0;
				TARGETED_DEVICE_FAMILY = "1,2";
				TEST_HOST = "$(BUILT_PRODUCTS_DIR)/IngLab-Test.app/IngLab-Test";
			};
			name = Debug;
		};
		71A602E52118551B00F43E87 /* Release */ = {
			isa = XCBuildConfiguration;
			buildSettings = {
				ALWAYS_EMBED_SWIFT_STANDARD_LIBRARIES = YES;
				BUNDLE_LOADER = "$(TEST_HOST)";
				CODE_SIGN_STYLE = Automatic;
				DEVELOPMENT_TEAM = 2D3474FP86;
				INFOPLIST_FILE = "IngLab-TestTests/Info.plist";
				LD_RUNPATH_SEARCH_PATHS = (
					"$(inherited)",
					"@executable_path/Frameworks",
					"@loader_path/Frameworks",
				);
				PRODUCT_BUNDLE_IDENTIFIER = "MewanC.IngLab-TestTests";
				PRODUCT_NAME = "$(TARGET_NAME)";
				SWIFT_VERSION = 4.0;
				TARGETED_DEVICE_FAMILY = "1,2";
				TEST_HOST = "$(BUILT_PRODUCTS_DIR)/IngLab-Test.app/IngLab-Test";
			};
			name = Release;
		};
		71A602E72118551B00F43E87 /* Debug */ = {
			isa = XCBuildConfiguration;
			buildSettings = {
				ALWAYS_EMBED_SWIFT_STANDARD_LIBRARIES = YES;
				CODE_SIGN_STYLE = Automatic;
				DEVELOPMENT_TEAM = 2D3474FP86;
				INFOPLIST_FILE = "IngLab-TestUITests/Info.plist";
				LD_RUNPATH_SEARCH_PATHS = (
					"$(inherited)",
					"@executable_path/Frameworks",
					"@loader_path/Frameworks",
				);
				PRODUCT_BUNDLE_IDENTIFIER = "MewanC.IngLab-TestUITests";
				PRODUCT_NAME = "$(TARGET_NAME)";
				SWIFT_VERSION = 4.0;
				TARGETED_DEVICE_FAMILY = "1,2";
				TEST_TARGET_NAME = "IngLab-Test";
			};
			name = Debug;
		};
		71A602E82118551B00F43E87 /* Release */ = {
			isa = XCBuildConfiguration;
			buildSettings = {
				ALWAYS_EMBED_SWIFT_STANDARD_LIBRARIES = YES;
				CODE_SIGN_STYLE = Automatic;
				DEVELOPMENT_TEAM = 2D3474FP86;
				INFOPLIST_FILE = "IngLab-TestUITests/Info.plist";
				LD_RUNPATH_SEARCH_PATHS = (
					"$(inherited)",
					"@executable_path/Frameworks",
					"@loader_path/Frameworks",
				);
				PRODUCT_BUNDLE_IDENTIFIER = "MewanC.IngLab-TestUITests";
				PRODUCT_NAME = "$(TARGET_NAME)";
				SWIFT_VERSION = 4.0;
				TARGETED_DEVICE_FAMILY = "1,2";
				TEST_TARGET_NAME = "IngLab-Test";
			};
			name = Release;
		};
/* End XCBuildConfiguration section */

/* Begin XCConfigurationList section */
		71A602B02118551600F43E87 /* Build configuration list for PBXProject "IngLab-Test" */ = {
			isa = XCConfigurationList;
			buildConfigurations = (
				71A602DE2118551B00F43E87 /* Debug */,
				71A602DF2118551B00F43E87 /* Release */,
			);
			defaultConfigurationIsVisible = 0;
			defaultConfigurationName = Release;
		};
		71A602E02118551B00F43E87 /* Build configuration list for PBXNativeTarget "IngLab-Test" */ = {
			isa = XCConfigurationList;
			buildConfigurations = (
				71A602E12118551B00F43E87 /* Debug */,
				71A602E22118551B00F43E87 /* Release */,
			);
			defaultConfigurationIsVisible = 0;
			defaultConfigurationName = Release;
		};
		71A602E32118551B00F43E87 /* Build configuration list for PBXNativeTarget "IngLab-TestTests" */ = {
			isa = XCConfigurationList;
			buildConfigurations = (
				71A602E42118551B00F43E87 /* Debug */,
				71A602E52118551B00F43E87 /* Release */,
			);
			defaultConfigurationIsVisible = 0;
			defaultConfigurationName = Release;
		};
		71A602E62118551B00F43E87 /* Build configuration list for PBXNativeTarget "IngLab-TestUITests" */ = {
			isa = XCConfigurationList;
			buildConfigurations = (
				71A602E72118551B00F43E87 /* Debug */,
				71A602E82118551B00F43E87 /* Release */,
			);
			defaultConfigurationIsVisible = 0;
			defaultConfigurationName = Release;
		};
/* End XCConfigurationList section */

/* Begin XCVersionGroup section */
		71A602BF2118551600F43E87 /* IngLab_Test.xcdatamodeld */ = {
			isa = XCVersionGroup;
			children = (
				71A602C02118551600F43E87 /* IngLab_Test.xcdatamodel */,
			);
			currentVersion = 71A602C02118551600F43E87 /* IngLab_Test.xcdatamodel */;
			path = IngLab_Test.xcdatamodeld;
			sourceTree = "<group>";
			versionGroupType = wrapper.xcdatamodel;
		};
/* End XCVersionGroup section */
	};
	rootObject = 71A602AD2118551600F43E87 /* Project object */;
}
